
Microsoft Visual Studio Solution File, Format Version 12.00
# Visual Studio 15
VisualStudioVersion = 15.0.26723.0
MinimumVisualStudioVersion = 10.0.40219.1
Project("{FAE04EC0-301F-11D3-BF4B-00C04F79EFBC}") = "WireType", "Wyman.WireType\Src\WireType.csproj", "{19770407-8696-481B-8C2D-7CF58099673A}"
EndProject
Project("{FAE04EC0-301F-11D3-BF4B-00C04F79EFBC}") = "WireType.Test", "Wyman.WireType\Test\WireType.Test.csproj", "{19781214-10F8-4F86-B6E9-C3360B052DBC}"
EndProject
Project("{FAE04EC0-301F-11D3-BF4B-00C04F79EFBC}") = "SampleCSharp", "Samples\CSharp\SampleCSharp.csproj", "{27C4836B-A9D3-4C86-894E-5BDCB84EA17D}"
EndProject
Project("{8BC9CEB8-8B4A-11D0-8D11-00A0C91BC942}") = "sample_ansi_c", "Samples\ansi_c\sample_ansi_c.vcxproj", "{61B4E2F1-06CA-4E66-8E79-A479FAC87DBD}"
EndProject
Project("{FAE04EC0-301F-11D3-BF4B-00C04F79EFBC}") = "PerfCli", "PerfCli\PerfCli.csproj", "{FC45B7F5-3182-411B-AE25-01A6713D0B8D}"
EndProject
Global
	GlobalSection(SolutionConfigurationPlatforms) = preSolution
		Debug|Any CPU = Debug|Any CPU
		Debug|x64 = Debug|x64
		Debug|x86 = Debug|x86
		Release|Any CPU = Release|Any CPU
		Release|x64 = Release|x64
		Release|x86 = Release|x86
	EndGlobalSection
	GlobalSection(ProjectConfigurationPlatforms) = postSolution
		{19770407-8696-481B-8C2D-7CF58099673A}.Debug|Any CPU.ActiveCfg = Debug|Any CPU
		{19770407-8696-481B-8C2D-7CF58099673A}.Debug|Any CPU.Build.0 = Debug|Any CPU
		{19770407-8696-481B-8C2D-7CF58099673A}.Debug|x64.ActiveCfg = Debug|Any CPU
		{19770407-8696-481B-8C2D-7CF58099673A}.Debug|x64.Build.0 = Debug|Any CPU
		{19770407-8696-481B-8C2D-7CF58099673A}.Debug|x86.ActiveCfg = Debug|Any CPU
		{19770407-8696-481B-8C2D-7CF58099673A}.Debug|x86.Build.0 = Debug|Any CPU
		{19770407-8696-481B-8C2D-7CF58099673A}.Release|Any CPU.ActiveCfg = Release|Any CPU
		{19770407-8696-481B-8C2D-7CF58099673A}.Release|Any CPU.Build.0 = Release|Any CPU
		{19770407-8696-481B-8C2D-7CF58099673A}.Release|x64.ActiveCfg = Release|Any CPU
		{19770407-8696-481B-8C2D-7CF58099673A}.Release|x64.Build.0 = Release|Any CPU
		{19770407-8696-481B-8C2D-7CF58099673A}.Release|x86.ActiveCfg = Release|Any CPU
		{19770407-8696-481B-8C2D-7CF58099673A}.Release|x86.Build.0 = Release|Any CPU
		{19781214-10F8-4F86-B6E9-C3360B052DBC}.Debug|Any CPU.ActiveCfg = Debug|Any CPU
		{19781214-10F8-4F86-B6E9-C3360B052DBC}.Debug|Any CPU.Build.0 = Debug|Any CPU
		{19781214-10F8-4F86-B6E9-C3360B052DBC}.Debug|x64.ActiveCfg = Debug|Any CPU
		{19781214-10F8-4F86-B6E9-C3360B052DBC}.Debug|x64.Build.0 = Debug|Any CPU
		{19781214-10F8-4F86-B6E9-C3360B052DBC}.Debug|x86.ActiveCfg = Debug|Any CPU
		{19781214-10F8-4F86-B6E9-C3360B052DBC}.Debug|x86.Build.0 = Debug|Any CPU
		{19781214-10F8-4F86-B6E9-C3360B052DBC}.Release|Any CPU.ActiveCfg = Release|Any CPU
		{19781214-10F8-4F86-B6E9-C3360B052DBC}.Release|Any CPU.Build.0 = Release|Any CPU
		{19781214-10F8-4F86-B6E9-C3360B052DBC}.Release|x64.ActiveCfg = Release|Any CPU
		{19781214-10F8-4F86-B6E9-C3360B052DBC}.Release|x64.Build.0 = Release|Any CPU
		{19781214-10F8-4F86-B6E9-C3360B052DBC}.Release|x86.ActiveCfg = Release|Any CPU
		{19781214-10F8-4F86-B6E9-C3360B052DBC}.Release|x86.Build.0 = Release|Any CPU
		{27C4836B-A9D3-4C86-894E-5BDCB84EA17D}.Debug|Any CPU.ActiveCfg = Debug|Any CPU
		{27C4836B-A9D3-4C86-894E-5BDCB84EA17D}.Debug|x64.ActiveCfg = Debug|Any CPU
		{27C4836B-A9D3-4C86-894E-5BDCB84EA17D}.Debug|x64.Build.0 = Debug|Any CPU
		{27C4836B-A9D3-4C86-894E-5BDCB84EA17D}.Debug|x86.ActiveCfg = Debug|Any CPU
		{27C4836B-A9D3-4C86-894E-5BDCB84EA17D}.Debug|x86.Build.0 = Debug|Any CPU
		{27C4836B-A9D3-4C86-894E-5BDCB84EA17D}.Release|Any CPU.ActiveCfg = Release|Any CPU
		{27C4836B-A9D3-4C86-894E-5BDCB84EA17D}.Release|x64.ActiveCfg = Release|Any CPU
		{27C4836B-A9D3-4C86-894E-5BDCB84EA17D}.Release|x64.Build.0 = Release|Any CPU
		{27C4836B-A9D3-4C86-894E-5BDCB84EA17D}.Release|x86.ActiveCfg = Release|Any CPU
		{27C4836B-A9D3-4C86-894E-5BDCB84EA17D}.Release|x86.Build.0 = Release|Any CPU
		{61B4E2F1-06CA-4E66-8E79-A479FAC87DBD}.Debug|Any CPU.ActiveCfg = Debug|Win32
		{61B4E2F1-06CA-4E66-8E79-A479FAC87DBD}.Debug|x64.ActiveCfg = Debug|x64
		{61B4E2F1-06CA-4E66-8E79-A479FAC87DBD}.Debug|x64.Build.0 = Debug|x64
		{61B4E2F1-06CA-4E66-8E79-A479FAC87DBD}.Debug|x86.ActiveCfg = Debug|Win32
		{61B4E2F1-06CA-4E66-8E79-A479FAC87DBD}.Debug|x86.Build.0 = Debug|Win32
		{61B4E2F1-06CA-4E66-8E79-A479FAC87DBD}.Release|Any CPU.ActiveCfg = Release|Win32
		{61B4E2F1-06CA-4E66-8E79-A479FAC87DBD}.Release|x64.ActiveCfg = Release|x64
		{61B4E2F1-06CA-4E66-8E79-A479FAC87DBD}.Release|x64.Build.0 = Release|x64
		{61B4E2F1-06CA-4E66-8E79-A479FAC87DBD}.Release|x86.ActiveCfg = Release|Win32
		{61B4E2F1-06CA-4E66-8E79-A479FAC87DBD}.Release|x86.Build.0 = Release|Win32
		{FC45B7F5-3182-411B-AE25-01A6713D0B8D}.Debug|Any CPU.ActiveCfg = Debug|Any CPU
		{FC45B7F5-3182-411B-AE25-01A6713D0B8D}.Debug|Any CPU.Build.0 = Debug|Any CPU
		{FC45B7F5-3182-411B-AE25-01A6713D0B8D}.Debug|x64.ActiveCfg = Debug|Any CPU
		{FC45B7F5-3182-411B-AE25-01A6713D0B8D}.Debug|x64.Build.0 = Debug|Any CPU
		{FC45B7F5-3182-411B-AE25-01A6713D0B8D}.Debug|x86.ActiveCfg = Debug|Any CPU
		{FC45B7F5-3182-411B-AE25-01A6713D0B8D}.Debug|x86.Build.0 = Debug|Any CPU
		{FC45B7F5-3182-411B-AE25-01A6713D0B8D}.Release|Any CPU.ActiveCfg = Release|Any CPU
		{FC45B7F5-3182-411B-AE25-01A6713D0B8D}.Release|Any CPU.Build.0 = Release|Any CPU
		{FC45B7F5-3182-411B-AE25-01A6713D0B8D}.Release|x64.ActiveCfg = Release|Any CPU
		{FC45B7F5-3182-411B-AE25-01A6713D0B8D}.Release|x64.Build.0 = Release|Any CPU
		{FC45B7F5-3182-411B-AE25-01A6713D0B8D}.Release|x86.ActiveCfg = Release|Any CPU
		{FC45B7F5-3182-411B-AE25-01A6713D0B8D}.Release|x86.Build.0 = Release|Any CPU
	EndGlobalSection
	GlobalSection(SolutionProperties) = preSolution
		HideSolutionNode = FALSE
	EndGlobalSection
	GlobalSection(ExtensibilityGlobals) = postSolution
		SolutionGuid = {B22729BD-FE91-4FE0-B764-7CCA594A8BCC}
	EndGlobalSection
EndGlobal
